// !$*UTF8*$!
{
	archiveVersion = 1;
	classes = {
	};
	objectVersion = 50;
	objects = {

/* Begin PBXBuildFile section */
		E3D84AD62258AFBB008ACD86 /* AppDelegate.swift in Sources */ = {isa = PBXBuildFile; fileRef = E3D84AD52258AFBB008ACD86 /* AppDelegate.swift */; };
		E3D84AD82258AFBC008ACD86 /* ViewController.swift in Sources */ = {isa = PBXBuildFile; fileRef = E3D84AD72258AFBC008ACD86 /* ViewController.swift */; };
		E3D84ADB2258AFBC008ACD86 /* Main.storyboard in Resources */ = {isa = PBXBuildFile; fileRef = E3D84AD92258AFBC008ACD86 /* Main.storyboard */; };
		E3D84ADD2258AFBF008ACD86 /* Assets.xcassets in Resources */ = {isa = PBXBuildFile; fileRef = E3D84ADC2258AFBF008ACD86 /* Assets.xcassets */; };
		E3D84AE02258AFBF008ACD86 /* LaunchScreen.storyboard in Resources */ = {isa = PBXBuildFile; fileRef = E3D84ADE2258AFBF008ACD86 /* LaunchScreen.storyboard */; };
		E3D84AEB2258AFBF008ACD86 /* CICDBYANKITTests.swift in Sources */ = {isa = PBXBuildFile; fileRef = E3D84AEA2258AFBF008ACD86 /* CICDBYANKITTests.swift */; };
		E3D84AF62258AFBF008ACD86 /* CICDBYANKITUITests.swift in Sources */ = {isa = PBXBuildFile; fileRef = E3D84AF52258AFBF008ACD86 /* CICDBYANKITUITests.swift */; };
/* End PBXBuildFile section */

/* Begin PBXContainerItemProxy section */
		E3D84AE72258AFBF008ACD86 /* PBXContainerItemProxy */ = {
			isa = PBXContainerItemProxy;
			containerPortal = E3D84ACA2258AFBB008ACD86 /* Project object */;
			proxyType = 1;
			remoteGlobalIDString = E3D84AD12258AFBB008ACD86;
			remoteInfo = CICDBYANKIT;
		};
		E3D84AF22258AFBF008ACD86 /* PBXContainerItemProxy */ = {
			isa = PBXContainerItemProxy;
			containerPortal = E3D84ACA2258AFBB008ACD86 /* Project object */;
			proxyType = 1;
			remoteGlobalIDString = E3D84AD12258AFBB008ACD86;
			remoteInfo = CICDBYANKIT;
		};
/* End PBXContainerItemProxy section */

/* Begin PBXFileReference section */
		E3D84AD22258AFBB008ACD86 /* CICDBYANKIT.app */ = {isa = PBXFileReference; explicitFileType = wrapper.application; includeInIndex = 0; path = CICDBYANKIT.app; sourceTree = BUILT_PRODUCTS_DIR; };
		E3D84AD52258AFBB008ACD86 /* AppDelegate.swift */ = {isa = PBXFileReference; lastKnownFileType = sourcecode.swift; path = AppDelegate.swift; sourceTree = "<group>"; };
		E3D84AD72258AFBC008ACD86 /* ViewController.swift */ = {isa = PBXFileReference; lastKnownFileType = sourcecode.swift; path = ViewController.swift; sourceTree = "<group>"; };
		E3D84ADA2258AFBC008ACD86 /* Base */ = {isa = PBXFileReference; lastKnownFileType = file.storyboard; name = Base; path = Base.lproj/Main.storyboard; sourceTree = "<group>"; };
		E3D84ADC2258AFBF008ACD86 /* Assets.xcassets */ = {isa = PBXFileReference; lastKnownFileType = folder.assetcatalog; path = Assets.xcassets; sourceTree = "<group>"; };
		E3D84ADF2258AFBF008ACD86 /* Base */ = {isa = PBXFileReference; lastKnownFileType = file.storyboard; name = Base; path = Base.lproj/LaunchScreen.storyboard; sourceTree = "<group>"; };
		E3D84AE12258AFBF008ACD86 /* Info.plist */ = {isa = PBXFileReference; lastKnownFileType = text.plist.xml; path = Info.plist; sourceTree = "<group>"; };
		E3D84AE62258AFBF008ACD86 /* CICDBYANKITTests.xctest */ = {isa = PBXFileReference; explicitFileType = wrapper.cfbundle; includeInIndex = 0; path = CICDBYANKITTests.xctest; sourceTree = BUILT_PRODUCTS_DIR; };
		E3D84AEA2258AFBF008ACD86 /* CICDBYANKITTests.swift */ = {isa = PBXFileReference; lastKnownFileType = sourcecode.swift; path = CICDBYANKITTests.swift; sourceTree = "<group>"; };
		E3D84AEC2258AFBF008ACD86 /* Info.plist */ = {isa = PBXFileReference; lastKnownFileType = text.plist.xml; path = Info.plist; sourceTree = "<group>"; };
		E3D84AF12258AFBF008ACD86 /* CICDBYANKITUITests.xctest */ = {isa = PBXFileReference; explicitFileType = wrapper.cfbundle; includeInIndex = 0; path = CICDBYANKITUITests.xctest; sourceTree = BUILT_PRODUCTS_DIR; };
		E3D84AF52258AFBF008ACD86 /* CICDBYANKITUITests.swift */ = {isa = PBXFileReference; lastKnownFileType = sourcecode.swift; path = CICDBYANKITUITests.swift; sourceTree = "<group>"; };
		E3D84AF72258AFBF008ACD86 /* Info.plist */ = {isa = PBXFileReference; lastKnownFileType = text.plist.xml; path = Info.plist; sourceTree = "<group>"; };
/* End PBXFileReference section */

/* Begin PBXFrameworksBuildPhase section */
		E3D84ACF2258AFBB008ACD86 /* Frameworks */ = {
			isa = PBXFrameworksBuildPhase;
			buildActionMask = 2147483647;
			files = (
			);
			runOnlyForDeploymentPostprocessing = 0;
		};
		E3D84AE32258AFBF008ACD86 /* Frameworks */ = {
			isa = PBXFrameworksBuildPhase;
			buildActionMask = 2147483647;
			files = (
			);
			runOnlyForDeploymentPostprocessing = 0;
		};
		E3D84AEE2258AFBF008ACD86 /* Frameworks */ = {
			isa = PBXFrameworksBuildPhase;
			buildActionMask = 2147483647;
			files = (
			);
			runOnlyForDeploymentPostprocessing = 0;
		};
/* End PBXFrameworksBuildPhase section */

/* Begin PBXGroup section */
		E3D84AC92258AFBB008ACD86 = {
			isa = PBXGroup;
			children = (
				E3D84AD42258AFBB008ACD86 /* CICDBYANKIT */,
				E3D84AE92258AFBF008ACD86 /* CICDBYANKITTests */,
				E3D84AF42258AFBF008ACD86 /* CICDBYANKITUITests */,
				E3D84AD32258AFBB008ACD86 /* Products */,
			);
			sourceTree = "<group>";
		};
		E3D84AD32258AFBB008ACD86 /* Products */ = {
			isa = PBXGroup;
			children = (
				E3D84AD22258AFBB008ACD86 /* CICDBYANKIT.app */,
				E3D84AE62258AFBF008ACD86 /* CICDBYANKITTests.xctest */,
				E3D84AF12258AFBF008ACD86 /* CICDBYANKITUITests.xctest */,
			);
			name = Products;
			sourceTree = "<group>";
		};
		E3D84AD42258AFBB008ACD86 /* CICDBYANKIT */ = {
			isa = PBXGroup;
			children = (
				E3D84AD52258AFBB008ACD86 /* AppDelegate.swift */,
				E3D84AD72258AFBC008ACD86 /* ViewController.swift */,
				E3D84AD92258AFBC008ACD86 /* Main.storyboard */,
				E3D84ADC2258AFBF008ACD86 /* Assets.xcassets */,
				E3D84ADE2258AFBF008ACD86 /* LaunchScreen.storyboard */,
				E3D84AE12258AFBF008ACD86 /* Info.plist */,
			);
			path = CICDBYANKIT;
			sourceTree = "<group>";
		};
		E3D84AE92258AFBF008ACD86 /* CICDBYANKITTests */ = {
			isa = PBXGroup;
			children = (
				E3D84AEA2258AFBF008ACD86 /* CICDBYANKITTests.swift */,
				E3D84AEC2258AFBF008ACD86 /* Info.plist */,
			);
			path = CICDBYANKITTests;
			sourceTree = "<group>";
		};
		E3D84AF42258AFBF008ACD86 /* CICDBYANKITUITests */ = {
			isa = PBXGroup;
			children = (
				E3D84AF52258AFBF008ACD86 /* CICDBYANKITUITests.swift */,
				E3D84AF72258AFBF008ACD86 /* Info.plist */,
			);
			path = CICDBYANKITUITests;
			sourceTree = "<group>";
		};
/* End PBXGroup section */

/* Begin PBXNativeTarget section */
		E3D84AD12258AFBB008ACD86 /* CICDBYANKIT */ = {
			isa = PBXNativeTarget;
			buildConfigurationList = E3D84AFA2258AFBF008ACD86 /* Build configuration list for PBXNativeTarget "CICDBYANKIT" */;
			buildPhases = (
				E3D84ACE2258AFBB008ACD86 /* Sources */,
				E3D84ACF2258AFBB008ACD86 /* Frameworks */,
				E3D84AD02258AFBB008ACD86 /* Resources */,
			);
			buildRules = (
			);
			dependencies = (
			);
			name = CICDBYANKIT;
			productName = CICDBYANKIT;
			productReference = E3D84AD22258AFBB008ACD86 /* CICDBYANKIT.app */;
			productType = "com.apple.product-type.application";
		};
		E3D84AE52258AFBF008ACD86 /* CICDBYANKITTests */ = {
			isa = PBXNativeTarget;
			buildConfigurationList = E3D84AFD2258AFBF008ACD86 /* Build configuration list for PBXNativeTarget "CICDBYANKITTests" */;
			buildPhases = (
				E3D84AE22258AFBF008ACD86 /* Sources */,
				E3D84AE32258AFBF008ACD86 /* Frameworks */,
				E3D84AE42258AFBF008ACD86 /* Resources */,
			);
			buildRules = (
			);
			dependencies = (
				E3D84AE82258AFBF008ACD86 /* PBXTargetDependency */,
			);
			name = CICDBYANKITTests;
			productName = CICDBYANKITTests;
			productReference = E3D84AE62258AFBF008ACD86 /* CICDBYANKITTests.xctest */;
			productType = "com.apple.product-type.bundle.unit-test";
		};
		E3D84AF02258AFBF008ACD86 /* CICDBYANKITUITests */ = {
			isa = PBXNativeTarget;
			buildConfigurationList = E3D84B002258AFBF008ACD86 /* Build configuration list for PBXNativeTarget "CICDBYANKITUITests" */;
			buildPhases = (
				E3D84AED2258AFBF008ACD86 /* Sources */,
				E3D84AEE2258AFBF008ACD86 /* Frameworks */,
				E3D84AEF2258AFBF008ACD86 /* Resources */,
			);
			buildRules = (
			);
			dependencies = (
				E3D84AF32258AFBF008ACD86 /* PBXTargetDependency */,
			);
			name = CICDBYANKITUITests;
			productName = CICDBYANKITUITests;
			productReference = E3D84AF12258AFBF008ACD86 /* CICDBYANKITUITests.xctest */;
			productType = "com.apple.product-type.bundle.ui-testing";
		};
/* End PBXNativeTarget section */

/* Begin PBXProject section */
		E3D84ACA2258AFBB008ACD86 /* Project object */ = {
			isa = PBXProject;
			attributes = {
				LastSwiftUpdateCheck = 0940;
				LastUpgradeCheck = 0940;
				ORGANIZATIONNAME = "Ankit Jain King of iOS";
				TargetAttributes = {
					E3D84AD12258AFBB008ACD86 = {
						CreatedOnToolsVersion = 9.4.1;
					};
					E3D84AE52258AFBF008ACD86 = {
						CreatedOnToolsVersion = 9.4.1;
						TestTargetID = E3D84AD12258AFBB008ACD86;
					};
					E3D84AF02258AFBF008ACD86 = {
						CreatedOnToolsVersion = 9.4.1;
						TestTargetID = E3D84AD12258AFBB008ACD86;
					};
				};
			};
			buildConfigurationList = E3D84ACD2258AFBB008ACD86 /* Build configuration list for PBXProject "CICDBYANKIT" */;
			compatibilityVersion = "Xcode 9.3";
			developmentRegion = en;
			hasScannedForEncodings = 0;
			knownRegions = (
				en,
				Base,
			);
			mainGroup = E3D84AC92258AFBB008ACD86;
			productRefGroup = E3D84AD32258AFBB008ACD86 /* Products */;
			projectDirPath = "";
			projectRoot = "";
			targets = (
				E3D84AD12258AFBB008ACD86 /* CICDBYANKIT */,
				E3D84AE52258AFBF008ACD86 /* CICDBYANKITTests */,
				E3D84AF02258AFBF008ACD86 /* CICDBYANKITUITests */,
			);
		};
/* End PBXProject section */

/* Begin PBXResourcesBuildPhase section */
		E3D84AD02258AFBB008ACD86 /* Resources */ = {
			isa = PBXResourcesBuildPhase;
			buildActionMask = 2147483647;
			files = (
				E3D84AE02258AFBF008ACD86 /* LaunchScreen.storyboard in Resources */,
				E3D84ADD2258AFBF008ACD86 /* Assets.xcassets in Resources */,
				E3D84ADB2258AFBC008ACD86 /* Main.storyboard in Resources */,
			);
			runOnlyForDeploymentPostprocessing = 0;
		};
		E3D84AE42258AFBF008ACD86 /* Resources */ = {
			isa = PBXResourcesBuildPhase;
			buildActionMask = 2147483647;
			files = (
			);
			runOnlyForDeploymentPostprocessing = 0;
		};
		E3D84AEF2258AFBF008ACD86 /* Resources */ = {
			isa = PBXResourcesBuildPhase;
			buildActionMask = 2147483647;
			files = (
			);
			runOnlyForDeploymentPostprocessing = 0;
		};
/* End PBXResourcesBuildPhase section */

/* Begin PBXSourcesBuildPhase section */
		E3D84ACE2258AFBB008ACD86 /* Sources */ = {
			isa = PBXSourcesBuildPhase;
			buildActionMask = 2147483647;
			files = (
				E3D84AD82258AFBC008ACD86 /* ViewController.swift in Sources */,
				E3D84AD62258AFBB008ACD86 /* AppDelegate.swift in Sources */,
			);
			runOnlyForDeploymentPostprocessing = 0;
		};
		E3D84AE22258AFBF008ACD86 /* Sources */ = {
			isa = PBXSourcesBuildPhase;
			buildActionMask = 2147483647;
			files = (
				E3D84AEB2258AFBF008ACD86 /* CICDBYANKITTests.swift in Sources */,
			);
			runOnlyForDeploymentPostprocessing = 0;
		};
		E3D84AED2258AFBF008ACD86 /* Sources */ = {
			isa = PBXSourcesBuildPhase;
			buildActionMask = 2147483647;
			files = (
				E3D84AF62258AFBF008ACD86 /* CICDBYANKITUITests.swift in Sources */,
			);
			runOnlyForDeploymentPostprocessing = 0;
		};
/* End PBXSourcesBuildPhase section */

/* Begin PBXTargetDependency section */
		E3D84AE82258AFBF008ACD86 /* PBXTargetDependency */ = {
			isa = PBXTargetDependency;
			target = E3D84AD12258AFBB008ACD86 /* CICDBYANKIT */;
			targetProxy = E3D84AE72258AFBF008ACD86 /* PBXContainerItemProxy */;
		};
		E3D84AF32258AFBF008ACD86 /* PBXTargetDependency */ = {
			isa = PBXTargetDependency;
			target = E3D84AD12258AFBB008ACD86 /* CICDBYANKIT */;
			targetProxy = E3D84AF22258AFBF008ACD86 /* PBXContainerItemProxy */;
		};
/* End PBXTargetDependency section */

/* Begin PBXVariantGroup section */
		E3D84AD92258AFBC008ACD86 /* Main.storyboard */ = {
			isa = PBXVariantGroup;
			children = (
				E3D84ADA2258AFBC008ACD86 /* Base */,
			);
			name = Main.storyboard;
			sourceTree = "<group>";
		};
		E3D84ADE2258AFBF008ACD86 /* LaunchScreen.storyboard */ = {
			isa = PBXVariantGroup;
			children = (
				E3D84ADF2258AFBF008ACD86 /* Base */,
			);
			name = LaunchScreen.storyboard;
			sourceTree = "<group>";
		};
/* End PBXVariantGroup section */

/* Begin XCBuildConfiguration section */
		E3D84AF82258AFBF008ACD86 /* Debug */ = {
			isa = XCBuildConfiguration;
			buildSettings = {
				ALWAYS_SEARCH_USER_PATHS = NO;
				CLANG_ANALYZER_NONNULL = YES;
				CLANG_ANALYZER_NUMBER_OBJECT_CONVERSION = YES_AGGRESSIVE;
				CLANG_CXX_LANGUAGE_STANDARD = "gnu++14";
				CLANG_CXX_LIBRARY = "libc++";
				CLANG_ENABLE_MODULES = YES;
				CLANG_ENABLE_OBJC_ARC = YES;
				CLANG_ENABLE_OBJC_WEAK = YES;
				CLANG_WARN_BLOCK_CAPTURE_AUTORELEASING = YES;
				CLANG_WARN_BOOL_CONVERSION = YES;
				CLANG_WARN_COMMA = YES;
				CLANG_WARN_CONSTANT_CONVERSION = YES;
				CLANG_WARN_DEPRECATED_OBJC_IMPLEMENTATIONS = YES;
				CLANG_WARN_DIRECT_OBJC_ISA_USAGE = YES_ERROR;
				CLANG_WARN_DOCUMENTATION_COMMENTS = YES;
				CLANG_WARN_EMPTY_BODY = YES;
				CLANG_WARN_ENUM_CONVERSION = YES;
				CLANG_WARN_INFINITE_RECURSION = YES;
				CLANG_WARN_INT_CONVERSION = YES;
				CLANG_WARN_NON_LITERAL_NULL_CONVERSION = YES;
				CLANG_WARN_OBJC_IMPLICIT_RETAIN_SELF = YES;
				CLANG_WARN_OBJC_LITERAL_CONVERSION = YES;
				CLANG_WARN_OBJC_ROOT_CLASS = YES_ERROR;
				CLANG_WARN_RANGE_LOOP_ANALYSIS = YES;
				CLANG_WARN_STRICT_PROTOTYPES = YES;
				CLANG_WARN_SUSPICIOUS_MOVE = YES;
				CLANG_WARN_UNGUARDED_AVAILABILITY = YES_AGGRESSIVE;
				CLANG_WARN_UNREACHABLE_CODE = YES;
				CLANG_WARN__DUPLICATE_METHOD_MATCH = YES;
				CODE_SIGN_IDENTITY = "iPhone Developer";
				COPY_PHASE_STRIP = NO;
				DEBUG_INFORMATION_FORMAT = dwarf;
				ENABLE_STRICT_OBJC_MSGSEND = YES;
				ENABLE_TESTABILITY = YES;
				GCC_C_LANGUAGE_STANDARD = gnu11;
				GCC_DYNAMIC_NO_PIC = NO;
				GCC_NO_COMMON_BLOCKS = YES;
				GCC_OPTIMIZATION_LEVEL = 0;
				GCC_PREPROCESSOR_DEFINITIONS = (
					"DEBUG=1",
					"$(inherited)",
				);
				GCC_WARN_64_TO_32_BIT_CONVERSION = YES;
				GCC_WARN_ABOUT_RETURN_TYPE = YES_ERROR;
				GCC_WARN_UNDECLARED_SELECTOR = YES;
				GCC_WARN_UNINITIALIZED_AUTOS = YES_AGGRESSIVE;
				GCC_WARN_UNUSED_FUNCTION = YES;
				GCC_WARN_UNUSED_VARIABLE = YES;
				IPHONEOS_DEPLOYMENT_TARGET = 11.4;
				MTL_ENABLE_DEBUG_INFO = YES;
				ONLY_ACTIVE_ARCH = YES;
				SDKROOT = iphoneos;
				SWIFT_ACTIVE_COMPILATION_CONDITIONS = DEBUG;
				SWIFT_OPTIMIZATION_LEVEL = "-Onone";
			};
			name = Debug;
		};
		E3D84AF92258AFBF008ACD86 /* Release */ = {
			isa = XCBuildConfiguration;
			buildSettings = {
				ALWAYS_SEARCH_USER_PATHS = NO;
				CLANG_ANALYZER_NONNULL = YES;
				CLANG_ANALYZER_NUMBER_OBJECT_CONVERSION = YES_AGGRESSIVE;
				CLANG_CXX_LANGUAGE_STANDARD = "gnu++14";
				CLANG_CXX_LIBRARY = "libc++";
				CLANG_ENABLE_MODULES = YES;
				CLANG_ENABLE_OBJC_ARC = YES;
				CLANG_ENABLE_OBJC_WEAK = YES;
				CLANG_WARN_BLOCK_CAPTURE_AUTORELEASING = YES;
				CLANG_WARN_BOOL_CONVERSION = YES;
				CLANG_WARN_COMMA = YES;
				CLANG_WARN_CONSTANT_CONVERSION = YES;
				CLANG_WARN_DEPRECATED_OBJC_IMPLEMENTATIONS = YES;
				CLANG_WARN_DIRECT_OBJC_ISA_USAGE = YES_ERROR;
				CLANG_WARN_DOCUMENTATION_COMMENTS = YES;
				CLANG_WARN_EMPTY_BODY = YES;
				CLANG_WARN_ENUM_CONVERSION = YES;
				CLANG_WARN_INFINITE_RECURSION = YES;
				CLANG_WARN_INT_CONVERSION = YES;
				CLANG_WARN_NON_LITERAL_NULL_CONVERSION = YES;
				CLANG_WARN_OBJC_IMPLICIT_RETAIN_SELF = YES;
				CLANG_WARN_OBJC_LITERAL_CONVERSION = YES;
				CLANG_WARN_OBJC_ROOT_CLASS = YES_ERROR;
				CLANG_WARN_RANGE_LOOP_ANALYSIS = YES;
				CLANG_WARN_STRICT_PROTOTYPES = YES;
				CLANG_WARN_SUSPICIOUS_MOVE = YES;
				CLANG_WARN_UNGUARDED_AVAILABILITY = YES_AGGRESSIVE;
				CLANG_WARN_UNREACHABLE_CODE = YES;
				CLANG_WARN__DUPLICATE_METHOD_MATCH = YES;
				CODE_SIGN_IDENTITY = "iPhone Developer";
				COPY_PHASE_STRIP = NO;
				DEBUG_INFORMATION_FORMAT = "dwarf-with-dsym";
				ENABLE_NS_ASSERTIONS = NO;
				ENABLE_STRICT_OBJC_MSGSEND = YES;
				GCC_C_LANGUAGE_STANDARD = gnu11;
				GCC_NO_COMMON_BLOCKS = YES;
				GCC_WARN_64_TO_32_BIT_CONVERSION = YES;
				GCC_WARN_ABOUT_RETURN_TYPE = YES_ERROR;
				GCC_WARN_UNDECLARED_SELECTOR = YES;
				GCC_WARN_UNINITIALIZED_AUTOS = YES_AGGRESSIVE;
				GCC_WARN_UNUSED_FUNCTION = YES;
				GCC_WARN_UNUSED_VARIABLE = YES;
				IPHONEOS_DEPLOYMENT_TARGET = 11.4;
				MTL_ENABLE_DEBUG_INFO = NO;
				SDKROOT = iphoneos;
				SWIFT_COMPILATION_MODE = wholemodule;
				SWIFT_OPTIMIZATION_LEVEL = "-O";
				VALIDATE_PRODUCT = YES;
			};
			name = Release;
		};
		E3D84AFB2258AFBF008ACD86 /* Debug */ = {
			isa = XCBuildConfiguration;
			buildSettings = {
				ASSETCATALOG_COMPILER_APPICON_NAME = AppIcon;
				CODE_SIGN_STYLE = Automatic;
				INFOPLIST_FILE = CICDBYANKIT/Info.plist;
				LD_RUNPATH_SEARCH_PATHS = (
					"$(inherited)",
					"@executable_path/Frameworks",
				);
				PRODUCT_BUNDLE_IDENTIFIER = com.ankit.CICDBYANKIT;
				PRODUCT_NAME = "$(TARGET_NAME)";
				SWIFT_VERSION = 4.0;
				TARGETED_DEVICE_FAMILY = "1,2";
			};
			name = Debug;
		};
		E3D84AFC2258AFBF008ACD86 /* Release */ = {
			isa = XCBuildConfiguration;
			buildSettings = {
				ASSETCATALOG_COMPILER_APPICON_NAME = AppIcon;
				CODE_SIGN_STYLE = Automatic;
				INFOPLIST_FILE = CICDBYANKIT/Info.plist;
				LD_RUNPATH_SEARCH_PATHS = (
					"$(inherited)",
					"@executable_path/Frameworks",
				);
				PRODUCT_BUNDLE_IDENTIFIER = com.ankit.CICDBYANKIT;
				PRODUCT_NAME = "$(TARGET_NAME)";
				SWIFT_VERSION = 4.0;
				TARGETED_DEVICE_FAMILY = "1,2";
			};
			name = Release;
		};
		E3D84AFE2258AFBF008ACD86 /* Debug */ = {
			isa = XCBuildConfiguration;
			buildSettings = {
				ALWAYS_EMBED_SWIFT_STANDARD_LIBRARIES = YES;
				BUNDLE_LOADER = "$(TEST_HOST)";
				CODE_SIGN_STYLE = Automatic;
				INFOPLIST_FILE = CICDBYANKITTests/Info.plist;
				LD_RUNPATH_SEARCH_PATHS = (
					"$(inherited)",
					"@executable_path/Frameworks",
					"@loader_path/Frameworks",
				);
				PRODUCT_BUNDLE_IDENTIFIER = com.ankit.CICDBYANKITTests;
				PRODUCT_NAME = "$(TARGET_NAME)";
				SWIFT_VERSION = 4.0;
				TARGETED_DEVICE_FAMILY = "1,2";
				TEST_HOST = "$(BUILT_PRODUCTS_DIR)/CICDBYANKIT.app/CICDBYANKIT";
			};
			name = Debug;
		};
		E3D84AFF2258AFBF008ACD86 /* Release */ = {
			isa = XCBuildConfiguration;
			buildSettings = {
				ALWAYS_EMBED_SWIFT_STANDARD_LIBRARIES = YES;
				BUNDLE_LOADER = "$(TEST_HOST)";
				CODE_SIGN_STYLE = Automatic;
				INFOPLIST_FILE = CICDBYANKITTests/Info.plist;
				LD_RUNPATH_SEARCH_PATHS = (
					"$(inherited)",
					"@executable_path/Frameworks",
					"@loader_path/Frameworks",
				);
				PRODUCT_BUNDLE_IDENTIFIER = com.ankit.CICDBYANKITTests;
				PRODUCT_NAME = "$(TARGET_NAME)";
				SWIFT_VERSION = 4.0;
				TARGETED_DEVICE_FAMILY = "1,2";
				TEST_HOST = "$(BUILT_PRODUCTS_DIR)/CICDBYANKIT.app/CICDBYANKIT";
			};
			name = Release;
		};
		E3D84B012258AFBF008ACD86 /* Debug */ = {
			isa = XCBuildConfiguration;
			buildSettings = {
				ALWAYS_EMBED_SWIFT_STANDARD_LIBRARIES = YES;
				CODE_SIGN_STYLE = Automatic;
				INFOPLIST_FILE = CICDBYANKITUITests/Info.plist;
				LD_RUNPATH_SEARCH_PATHS = (
					"$(inherited)",
					"@executable_path/Frameworks",
					"@loader_path/Frameworks",
				);
				PRODUCT_BUNDLE_IDENTIFIER = com.ankit.CICDBYANKITUITests;
				PRODUCT_NAME = "$(TARGET_NAME)";
				SWIFT_VERSION = 4.0;
				TARGETED_DEVICE_FAMILY = "1,2";
				TEST_TARGET_NAME = CICDBYANKIT;
			};
			name = Debug;
		};
		E3D84B022258AFBF008ACD86 /* Release */ = {
			isa = XCBuildConfiguration;
			buildSettings = {
				ALWAYS_EMBED_SWIFT_STANDARD_LIBRARIES = YES;
				CODE_SIGN_STYLE = Automatic;
				INFOPLIST_FILE = CICDBYANKITUITests/Info.plist;
				LD_RUNPATH_SEARCH_PATHS = (
					"$(inherited)",
					"@executable_path/Frameworks",
					"@loader_path/Frameworks",
				);
				PRODUCT_BUNDLE_IDENTIFIER = com.ankit.CICDBYANKITUITests;
				PRODUCT_NAME = "$(TARGET_NAME)";
				SWIFT_VERSION = 4.0;
				TARGETED_DEVICE_FAMILY = "1,2";
				TEST_TARGET_NAME = CICDBYANKIT;
			};
			name = Release;
		};
/* End XCBuildConfiguration section */

/* Begin XCConfigurationList section */
		E3D84ACD2258AFBB008ACD86 /* Build configuration list for PBXProject "CICDBYANKIT" */ = {
			isa = XCConfigurationList;
			buildConfigurations = (
				E3D84AF82258AFBF008ACD86 /* Debug */,
				E3D84AF92258AFBF008ACD86 /* Release */,
			);
			defaultConfigurationIsVisible = 0;
			defaultConfigurationName = Release;
		};
		E3D84AFA2258AFBF008ACD86 /* Build configuration list for PBXNativeTarget "CICDBYANKIT" */ = {
			isa = XCConfigurationList;
			buildConfigurations = (
				E3D84AFB2258AFBF008ACD86 /* Debug */,
				E3D84AFC2258AFBF008ACD86 /* Release */,
			);
			defaultConfigurationIsVisible = 0;
			defaultConfigurationName = Release;
		};
		E3D84AFD2258AFBF008ACD86 /* Build configuration list for PBXNativeTarget "CICDBYANKITTests" */ = {
			isa = XCConfigurationList;
			buildConfigurations = (
				E3D84AFE2258AFBF008ACD86 /* Debug */,
				E3D84AFF2258AFBF008ACD86 /* Release */,
			);
			defaultConfigurationIsVisible = 0;
			defaultConfigurationName = Release;
		};
		E3D84B002258AFBF008ACD86 /* Build configuration list for PBXNativeTarget "CICDBYANKITUITests" */ = {
			isa = XCConfigurationList;
			buildConfigurations = (
				E3D84B012258AFBF008ACD86 /* Debug */,
				E3D84B022258AFBF008ACD86 /* Release */,
			);
			defaultConfigurationIsVisible = 0;
			defaultConfigurationName = Release;
		};
/* End XCConfigurationList section */
	};
	rootObject = E3D84ACA2258AFBB008ACD86 /* Project object */;
}
